// !$*UTF8*$!
{
	archiveVersion = 1;
	classes = {
	};
	objectVersion = 46;
	objects = {

/* Begin PBXBuildFile section */
		3216BCE30C354713007FC0F8 /* Potentials_Prefix.h in Headers */ = {isa = PBXBuildFile; fileRef = 32CA4F630368D1EE00C91783 /* Potentials_Prefix.h */; };
		3216BCE40C354713007FC0F8 /* BaseSimObj.h in Headers */ = {isa = PBXBuildFile; fileRef = 323BFA950454771100B4F328 /* BaseSimObj.h */; };
		3216BCE50C354713007FC0F8 /* CircularSimObj.h in Headers */ = {isa = PBXBuildFile; fileRef = 323BFA9D04547A6700B4F328 /* CircularSimObj.h */; };
		3216BCE60C354713007FC0F8 /* PointSimObj.h in Headers */ = {isa = PBXBuildFile; fileRef = 323BFAA104547B7200B4F328 /* PointSimObj.h */; };
		3216BCE70C354713007FC0F8 /* LineSimObj.h in Headers */ = {isa = PBXBuildFile; fileRef = 323BFAA504547BF300B4F328 /* LineSimObj.h */; };
		3216BCE80C354713007FC0F8 /* SimObjFactory.h in Headers */ = {isa = PBXBuildFile; fileRef = 323BFAA904547CA900B4F328 /* SimObjFactory.h */; };
		3216BCE90C354713007FC0F8 /* SimWorkspace.h in Headers */ = {isa = PBXBuildFile; fileRef = 323BFAAD0454853900B4F328 /* SimWorkspace.h */; };
		3216BCEA0C354713007FC0F8 /* MrBig.h in Headers */ = {isa = PBXBuildFile; fileRef = 323BFAB10454868A00B4F328 /* MrBig.h */; };
		3216BCEB0C354713007FC0F8 /* MaskedMatrix.h in Headers */ = {isa = PBXBuildFile; fileRef = 32740239045D947E00B4F370 /* MaskedMatrix.h */; };
		3216BCEC0C354713007FC0F8 /* SimWorkspace_Protected.h in Headers */ = {isa = PBXBuildFile; fileRef = 32063588046AD94800B4F327 /* SimWorkspace_Protected.h */; };
		3216BCED0C354713007FC0F8 /* RectangularSimObj.h in Headers */ = {isa = PBXBuildFile; fileRef = 323BFA99045478B900B4F328 /* RectangularSimObj.h */; };
		3216BCF00C354713007FC0F8 /* InfoPlist.strings in Resources */ = {isa = PBXBuildFile; fileRef = 089C165CFE840E0CC02AAC07 /* InfoPlist.strings */; };
		3216BCF20C354713007FC0F8 /* main.m in Sources */ = {isa = PBXBuildFile; fileRef = 29B97316FDCFA39411CA2CEA /* main.m */; settings = {ATTRIBUTES = (); }; };
		3216BCF30C354713007FC0F8 /* BaseSimObj.m in Sources */ = {isa = PBXBuildFile; fileRef = 323BFA960454771100B4F328 /* BaseSimObj.m */; };
		3216BCF40C354713007FC0F8 /* RectangularSimObj.m in Sources */ = {isa = PBXBuildFile; fileRef = 323BFA9A045478B900B4F328 /* RectangularSimObj.m */; };
		3216BCF50C354713007FC0F8 /* CircularSimObj.m in Sources */ = {isa = PBXBuildFile; fileRef = 323BFA9E04547A6700B4F328 /* CircularSimObj.m */; };
		3216BCF60C354713007FC0F8 /* PointSimObj.m in Sources */ = {isa = PBXBuildFile; fileRef = 323BFAA204547B7200B4F328 /* PointSimObj.m */; };
		3216BCF70C354713007FC0F8 /* LineSimObj.m in Sources */ = {isa = PBXBuildFile; fileRef = 323BFAA604547BF300B4F328 /* LineSimObj.m */; };
		3216BCF80C354713007FC0F8 /* SimObjFactory.m in Sources */ = {isa = PBXBuildFile; fileRef = 323BFAAA04547CA900B4F328 /* SimObjFactory.m */; };
		3216BCF90C354713007FC0F8 /* SimWorkspace.m in Sources */ = {isa = PBXBuildFile; fileRef = 323BFAAE0454853900B4F328 /* SimWorkspace.m */; };
		3216BCFA0C354713007FC0F8 /* MrBig.m in Sources */ = {isa = PBXBuildFile; fileRef = 323BFAB20454868A00B4F328 /* MrBig.m */; };
		3216BCFB0C354713007FC0F8 /* MaskedMatrix.m in Sources */ = {isa = PBXBuildFile; fileRef = 3274023A045D947E00B4F370 /* MaskedMatrix.m */; };
		3216BCFC0C354713007FC0F8 /* SimWorkspace_Protected.m in Sources */ = {isa = PBXBuildFile; fileRef = 32063589046AD94800B4F327 /* SimWorkspace_Protected.m */; };
		3216BCFE0C354713007FC0F8 /* Cocoa.framework in Frameworks */ = {isa = PBXBuildFile; fileRef = 1058C7A1FEA54F0111CA2CBB /* Cocoa.framework */; };
		3216BCFF0C354713007FC0F8 /* Foundation.framework in Frameworks */ = {isa = PBXBuildFile; fileRef = 29B97325FDCFA39411CA2CEA /* Foundation.framework */; };
		3216BD5C0C35875B007FC0F8 /* Potentials.icns in Resources */ = {isa = PBXBuildFile; fileRef = 3216BD5B0C35875B007FC0F8 /* Potentials.icns */; };
		323D06182279D88A00D745C0 /* MainMenu.xib in Resources */ = {isa = PBXBuildFile; fileRef = 323D06162279D88A00D745C0 /* MainMenu.xib */; };
		323D061B2279EB8400D745C0 /* ResultsView.h in Headers */ = {isa = PBXBuildFile; fileRef = 323D06192279EB8400D745C0 /* ResultsView.h */; };
		323D061C2279EB8400D745C0 /* ResultsView.m in Sources */ = {isa = PBXBuildFile; fileRef = 323D061A2279EB8400D745C0 /* ResultsView.m */; };
		323D061F22832ADF00D745C0 /* ResultsView_Protected.h in Headers */ = {isa = PBXBuildFile; fileRef = 323D061D22832ADF00D745C0 /* ResultsView_Protected.h */; };
		323D062022832ADF00D745C0 /* ResultsView_Protected.m in Sources */ = {isa = PBXBuildFile; fileRef = 323D061E22832ADF00D745C0 /* ResultsView_Protected.m */; };
		327DC2352264C5600010C706 /* Accelerate.framework in Frameworks */ = {isa = PBXBuildFile; fileRef = 327DC2342264C5600010C706 /* Accelerate.framework */; };
/* End PBXBuildFile section */

/* Begin PBXFileReference section */
		1058C7A1FEA54F0111CA2CBB /* Cocoa.framework */ = {isa = PBXFileReference; lastKnownFileType = wrapper.framework; name = Cocoa.framework; path = /System/Library/Frameworks/Cocoa.framework; sourceTree = "<absolute>"; };
		29B97316FDCFA39411CA2CEA /* main.m */ = {isa = PBXFileReference; fileEncoding = 30; lastKnownFileType = sourcecode.c.objc; path = main.m; sourceTree = "<group>"; };
		29B97324FDCFA39411CA2CEA /* AppKit.framework */ = {isa = PBXFileReference; lastKnownFileType = wrapper.framework; name = AppKit.framework; path = /System/Library/Frameworks/AppKit.framework; sourceTree = "<absolute>"; };
		29B97325FDCFA39411CA2CEA /* Foundation.framework */ = {isa = PBXFileReference; lastKnownFileType = wrapper.framework; name = Foundation.framework; path = /System/Library/Frameworks/Foundation.framework; sourceTree = "<absolute>"; };
		32063588046AD94800B4F327 /* SimWorkspace_Protected.h */ = {isa = PBXFileReference; fileEncoding = 4; lastKnownFileType = sourcecode.c.h; path = SimWorkspace_Protected.h; sourceTree = "<group>"; };
		32063589046AD94800B4F327 /* SimWorkspace_Protected.m */ = {isa = PBXFileReference; fileEncoding = 4; lastKnownFileType = sourcecode.c.objc; path = SimWorkspace_Protected.m; sourceTree = "<group>"; };
		3216BD050C354713007FC0F8 /* Info.plist */ = {isa = PBXFileReference; lastKnownFileType = text.plist.xml; path = Info.plist; sourceTree = "<group>"; };
		3216BD060C354713007FC0F8 /* Potentials.app */ = {isa = PBXFileReference; explicitFileType = wrapper.application; includeInIndex = 0; path = Potentials.app; sourceTree = BUILT_PRODUCTS_DIR; };
		3216BD5B0C35875B007FC0F8 /* Potentials.icns */ = {isa = PBXFileReference; lastKnownFileType = image.icns; path = Potentials.icns; sourceTree = "<group>"; };
		323BFA950454771100B4F328 /* BaseSimObj.h */ = {isa = PBXFileReference; fileEncoding = 4; lastKnownFileType = sourcecode.c.h; path = BaseSimObj.h; sourceTree = "<group>"; };
		323BFA960454771100B4F328 /* BaseSimObj.m */ = {isa = PBXFileReference; fileEncoding = 4; lastKnownFileType = sourcecode.c.objc; path = BaseSimObj.m; sourceTree = "<group>"; };
		323BFA99045478B900B4F328 /* RectangularSimObj.h */ = {isa = PBXFileReference; fileEncoding = 4; lastKnownFileType = sourcecode.c.h; path = RectangularSimObj.h; sourceTree = "<group>"; };
		323BFA9A045478B900B4F328 /* RectangularSimObj.m */ = {isa = PBXFileReference; fileEncoding = 4; lastKnownFileType = sourcecode.c.objc; path = RectangularSimObj.m; sourceTree = "<group>"; };
		323BFA9D04547A6700B4F328 /* CircularSimObj.h */ = {isa = PBXFileReference; fileEncoding = 4; lastKnownFileType = sourcecode.c.h; path = CircularSimObj.h; sourceTree = "<group>"; };
		323BFA9E04547A6700B4F328 /* CircularSimObj.m */ = {isa = PBXFileReference; fileEncoding = 4; lastKnownFileType = sourcecode.c.objc; path = CircularSimObj.m; sourceTree = "<group>"; };
		323BFAA104547B7200B4F328 /* PointSimObj.h */ = {isa = PBXFileReference; fileEncoding = 4; lastKnownFileType = sourcecode.c.h; path = PointSimObj.h; sourceTree = "<group>"; };
		323BFAA204547B7200B4F328 /* PointSimObj.m */ = {isa = PBXFileReference; fileEncoding = 4; lastKnownFileType = sourcecode.c.objc; path = PointSimObj.m; sourceTree = "<group>"; };
		323BFAA504547BF300B4F328 /* LineSimObj.h */ = {isa = PBXFileReference; fileEncoding = 4; lastKnownFileType = sourcecode.c.h; path = LineSimObj.h; sourceTree = "<group>"; };
		323BFAA604547BF300B4F328 /* LineSimObj.m */ = {isa = PBXFileReference; fileEncoding = 4; lastKnownFileType = sourcecode.c.objc; path = LineSimObj.m; sourceTree = "<group>"; };
		323BFAA904547CA900B4F328 /* SimObjFactory.h */ = {isa = PBXFileReference; fileEncoding = 4; lastKnownFileType = sourcecode.c.h; path = SimObjFactory.h; sourceTree = "<group>"; };
		323BFAAA04547CA900B4F328 /* SimObjFactory.m */ = {isa = PBXFileReference; fileEncoding = 4; lastKnownFileType = sourcecode.c.objc; path = SimObjFactory.m; sourceTree = "<group>"; };
		323BFAAD0454853900B4F328 /* SimWorkspace.h */ = {isa = PBXFileReference; fileEncoding = 4; lastKnownFileType = sourcecode.c.h; path = SimWorkspace.h; sourceTree = "<group>"; };
		323BFAAE0454853900B4F328 /* SimWorkspace.m */ = {isa = PBXFileReference; fileEncoding = 4; lastKnownFileType = sourcecode.c.objc; path = SimWorkspace.m; sourceTree = "<group>"; };
		323BFAB10454868A00B4F328 /* MrBig.h */ = {isa = PBXFileReference; fileEncoding = 4; lastKnownFileType = sourcecode.c.h; path = MrBig.h; sourceTree = "<group>"; };
		323BFAB20454868A00B4F328 /* MrBig.m */ = {isa = PBXFileReference; fileEncoding = 4; lastKnownFileType = sourcecode.c.objc; path = MrBig.m; sourceTree = "<group>"; };
		323D06172279D88A00D745C0 /* Base */ = {isa = PBXFileReference; lastKnownFileType = file.xib; name = Base; path = Base.lproj/MainMenu.xib; sourceTree = "<group>"; };
		323D06192279EB8400D745C0 /* ResultsView.h */ = {isa = PBXFileReference; lastKnownFileType = sourcecode.c.h; path = ResultsView.h; sourceTree = "<group>"; };
		323D061A2279EB8400D745C0 /* ResultsView.m */ = {isa = PBXFileReference; lastKnownFileType = sourcecode.c.objc; path = ResultsView.m; sourceTree = "<group>"; };
		323D061D22832ADF00D745C0 /* ResultsView_Protected.h */ = {isa = PBXFileReference; lastKnownFileType = sourcecode.c.h; path = ResultsView_Protected.h; sourceTree = "<group>"; };
		323D061E22832ADF00D745C0 /* ResultsView_Protected.m */ = {isa = PBXFileReference; lastKnownFileType = sourcecode.c.objc; path = ResultsView_Protected.m; sourceTree = "<group>"; };
		32740239045D947E00B4F370 /* MaskedMatrix.h */ = {isa = PBXFileReference; fileEncoding = 4; lastKnownFileType = sourcecode.c.h; path = MaskedMatrix.h; sourceTree = "<group>"; };
		3274023A045D947E00B4F370 /* MaskedMatrix.m */ = {isa = PBXFileReference; fileEncoding = 4; lastKnownFileType = sourcecode.c.objc; path = MaskedMatrix.m; sourceTree = "<group>"; };
		327DC2332264BEC60010C706 /* en */ = {isa = PBXFileReference; lastKnownFileType = text.plist.strings; name = en; path = en.lproj/InfoPlist.strings; sourceTree = "<group>"; };
		327DC2342264C5600010C706 /* Accelerate.framework */ = {isa = PBXFileReference; lastKnownFileType = wrapper.framework; name = Accelerate.framework; path = System/Library/Frameworks/Accelerate.framework; sourceTree = SDKROOT; };
		327DC2362264D77E0010C706 /* README.md */ = {isa = PBXFileReference; lastKnownFileType = net.daringfireball.markdown; path = README.md; sourceTree = "<group>"; };
		32CA4F630368D1EE00C91783 /* Potentials_Prefix.h */ = {isa = PBXFileReference; fileEncoding = 4; lastKnownFileType = sourcecode.c.h; path = Potentials_Prefix.h; sourceTree = "<group>"; };
/* End PBXFileReference section */

/* Begin PBXFrameworksBuildPhase section */
		3216BCFD0C354713007FC0F8 /* Frameworks */ = {
			isa = PBXFrameworksBuildPhase;
			buildActionMask = 2147483647;
			files = (
				3216BCFE0C354713007FC0F8 /* Cocoa.framework in Frameworks */,
				3216BCFF0C354713007FC0F8 /* Foundation.framework in Frameworks */,
				327DC2352264C5600010C706 /* Accelerate.framework in Frameworks */,
			);
			runOnlyForDeploymentPostprocessing = 0;
		};
/* End PBXFrameworksBuildPhase section */

/* Begin PBXGroup section */
		080E96DDFE201D6D7F000001 /* Classes */ = {
			isa = PBXGroup;
			children = (
				323BFAB10454868A00B4F328 /* MrBig.h */,
				323BFAB20454868A00B4F328 /* MrBig.m */,
				323BFAA904547CA900B4F328 /* SimObjFactory.h */,
				323BFAAA04547CA900B4F328 /* SimObjFactory.m */,
				323BFA950454771100B4F328 /* BaseSimObj.h */,
				323BFA960454771100B4F328 /* BaseSimObj.m */,
				323BFA9D04547A6700B4F328 /* CircularSimObj.h */,
				323BFA9E04547A6700B4F328 /* CircularSimObj.m */,
				323BFA99045478B900B4F328 /* RectangularSimObj.h */,
				323BFA9A045478B900B4F328 /* RectangularSimObj.m */,
				323BFAA104547B7200B4F328 /* PointSimObj.h */,
				323BFAA204547B7200B4F328 /* PointSimObj.m */,
				323BFAA504547BF300B4F328 /* LineSimObj.h */,
				323BFAA604547BF300B4F328 /* LineSimObj.m */,
				323BFAAD0454853900B4F328 /* SimWorkspace.h */,
				323BFAAE0454853900B4F328 /* SimWorkspace.m */,
				32063588046AD94800B4F327 /* SimWorkspace_Protected.h */,
				32063589046AD94800B4F327 /* SimWorkspace_Protected.m */,
				32740239045D947E00B4F370 /* MaskedMatrix.h */,
				3274023A045D947E00B4F370 /* MaskedMatrix.m */,
				323D06192279EB8400D745C0 /* ResultsView.h */,
				323D061A2279EB8400D745C0 /* ResultsView.m */,
				323D061D22832ADF00D745C0 /* ResultsView_Protected.h */,
				323D061E22832ADF00D745C0 /* ResultsView_Protected.m */,
			);
			name = Classes;
			sourceTree = "<group>";
		};
		1058C7A0FEA54F0111CA2CBB /* Linked Frameworks */ = {
			isa = PBXGroup;
			children = (
				1058C7A1FEA54F0111CA2CBB /* Cocoa.framework */,
			);
			name = "Linked Frameworks";
			sourceTree = "<group>";
		};
		1058C7A2FEA54F0111CA2CBB /* Other Frameworks */ = {
			isa = PBXGroup;
			children = (
				29B97325FDCFA39411CA2CEA /* Foundation.framework */,
				29B97324FDCFA39411CA2CEA /* AppKit.framework */,
			);
			name = "Other Frameworks";
			sourceTree = "<group>";
		};
		19C28FACFE9D520D11CA2CBB /* Products */ = {
			isa = PBXGroup;
			children = (
				3216BD060C354713007FC0F8 /* Potentials.app */,
			);
			name = Products;
			sourceTree = "<group>";
		};
		29B97314FDCFA39411CA2CEA /* Potentials */ = {
			isa = PBXGroup;
			children = (
				327DC2362264D77E0010C706 /* README.md */,
				080E96DDFE201D6D7F000001 /* Classes */,
				29B97315FDCFA39411CA2CEA /* Other Sources */,
				29B97317FDCFA39411CA2CEA /* Resources */,
				29B97323FDCFA39411CA2CEA /* Frameworks */,
				19C28FACFE9D520D11CA2CBB /* Products */,
			);
			name = Potentials;
			sourceTree = "<group>";
		};
		29B97315FDCFA39411CA2CEA /* Other Sources */ = {
			isa = PBXGroup;
			children = (
				32CA4F630368D1EE00C91783 /* Potentials_Prefix.h */,
				29B97316FDCFA39411CA2CEA /* main.m */,
			);
			name = "Other Sources";
			sourceTree = "<group>";
		};
		29B97317FDCFA39411CA2CEA /* Resources */ = {
			isa = PBXGroup;
			children = (
				3216BD5B0C35875B007FC0F8 /* Potentials.icns */,
				323D06162279D88A00D745C0 /* MainMenu.xib */,
				3216BD050C354713007FC0F8 /* Info.plist */,
				089C165CFE840E0CC02AAC07 /* InfoPlist.strings */,
			);
			name = Resources;
			sourceTree = "<group>";
		};
		29B97323FDCFA39411CA2CEA /* Frameworks */ = {
			isa = PBXGroup;
			children = (
				327DC2342264C5600010C706 /* Accelerate.framework */,
				1058C7A0FEA54F0111CA2CBB /* Linked Frameworks */,
				1058C7A2FEA54F0111CA2CBB /* Other Frameworks */,
			);
			name = Frameworks;
			sourceTree = "<group>";
		};
/* End PBXGroup section */

/* Begin PBXHeadersBuildPhase section */
		3216BCE20C354713007FC0F8 /* Headers */ = {
			isa = PBXHeadersBuildPhase;
			buildActionMask = 2147483647;
			files = (
				323D061B2279EB8400D745C0 /* ResultsView.h in Headers */,
				3216BCE30C354713007FC0F8 /* Potentials_Prefix.h in Headers */,
				3216BCE40C354713007FC0F8 /* BaseSimObj.h in Headers */,
				3216BCE50C354713007FC0F8 /* CircularSimObj.h in Headers */,
				323D061F22832ADF00D745C0 /* ResultsView_Protected.h in Headers */,
				3216BCE60C354713007FC0F8 /* PointSimObj.h in Headers */,
				3216BCE70C354713007FC0F8 /* LineSimObj.h in Headers */,
				3216BCE80C354713007FC0F8 /* SimObjFactory.h in Headers */,
				3216BCE90C354713007FC0F8 /* SimWorkspace.h in Headers */,
				3216BCEA0C354713007FC0F8 /* MrBig.h in Headers */,
				3216BCEB0C354713007FC0F8 /* MaskedMatrix.h in Headers */,
				3216BCEC0C354713007FC0F8 /* SimWorkspace_Protected.h in Headers */,
				3216BCED0C354713007FC0F8 /* RectangularSimObj.h in Headers */,
			);
			runOnlyForDeploymentPostprocessing = 0;
		};
/* End PBXHeadersBuildPhase section */

/* Begin PBXNativeTarget section */
		3216BCE10C354713007FC0F8 /* Potentials */ = {
			isa = PBXNativeTarget;
			buildConfigurationList = 3216BD010C354713007FC0F8 /* Build configuration list for PBXNativeTarget "Potentials" */;
			buildPhases = (
				3216BCE20C354713007FC0F8 /* Headers */,
				3216BCEE0C354713007FC0F8 /* Resources */,
				3216BCF10C354713007FC0F8 /* Sources */,
				3216BCFD0C354713007FC0F8 /* Frameworks */,
			);
			buildRules = (
			);
			dependencies = (
			);
			name = Potentials;
			productInstallPath = "$(HOME)/Applications";
			productName = Potentials;
			productReference = 3216BD060C354713007FC0F8 /* Potentials.app */;
			productType = "com.apple.product-type.application";
		};
/* End PBXNativeTarget section */

/* Begin PBXProject section */
		29B97313FDCFA39411CA2CEA /* Project object */ = {
			isa = PBXProject;
			attributes = {
				LastUpgradeCheck = 1010;
				TargetAttributes = {
					3216BCE10C354713007FC0F8 = {
						DevelopmentTeam = ZDQTSCKGW9;
						ProvisioningStyle = Automatic;
					};
				};
			};
			buildConfigurationList = 3216BD080C354713007FC0F8 /* Build configuration list for PBXProject "Potentials" */;
			compatibilityVersion = "Xcode 3.2";
			developmentRegion = en;
			hasScannedForEncodings = 1;
			knownRegions = (
				Base,
				ja,
				de,
				en,
				fr,
			);
			mainGroup = 29B97314FDCFA39411CA2CEA /* Potentials */;
			projectDirPath = "";
			projectRoot = "";
			targets = (
				3216BCE10C354713007FC0F8 /* Potentials */,
			);
		};
/* End PBXProject section */

/* Begin PBXResourcesBuildPhase section */
		3216BCEE0C354713007FC0F8 /* Resources */ = {
			isa = PBXResourcesBuildPhase;
			buildActionMask = 2147483647;
			files = (
				3216BCF00C354713007FC0F8 /* InfoPlist.strings in Resources */,
				3216BD5C0C35875B007FC0F8 /* Potentials.icns in Resources */,
				323D06182279D88A00D745C0 /* MainMenu.xib in Resources */,
			);
			runOnlyForDeploymentPostprocessing = 0;
		};
/* End PBXResourcesBuildPhase section */

/* Begin PBXSourcesBuildPhase section */
		3216BCF10C354713007FC0F8 /* Sources */ = {
			isa = PBXSourcesBuildPhase;
			buildActionMask = 2147483647;
			files = (
				3216BCF20C354713007FC0F8 /* main.m in Sources */,
				3216BCF30C354713007FC0F8 /* BaseSimObj.m in Sources */,
				3216BCF40C354713007FC0F8 /* RectangularSimObj.m in Sources */,
				3216BCF50C354713007FC0F8 /* CircularSimObj.m in Sources */,
				3216BCF60C354713007FC0F8 /* PointSimObj.m in Sources */,
				323D062022832ADF00D745C0 /* ResultsView_Protected.m in Sources */,
				3216BCF70C354713007FC0F8 /* LineSimObj.m in Sources */,
				3216BCF80C354713007FC0F8 /* SimObjFactory.m in Sources */,
				3216BCF90C354713007FC0F8 /* SimWorkspace.m in Sources */,
				3216BCFA0C354713007FC0F8 /* MrBig.m in Sources */,
				323D061C2279EB8400D745C0 /* ResultsView.m in Sources */,
				3216BCFB0C354713007FC0F8 /* MaskedMatrix.m in Sources */,
				3216BCFC0C354713007FC0F8 /* SimWorkspace_Protected.m in Sources */,
			);
			runOnlyForDeploymentPostprocessing = 0;
		};
/* End PBXSourcesBuildPhase section */

/* Begin PBXVariantGroup section */
		089C165CFE840E0CC02AAC07 /* InfoPlist.strings */ = {
			isa = PBXVariantGroup;
			children = (
				327DC2332264BEC60010C706 /* en */,
			);
			name = InfoPlist.strings;
			sourceTree = "<group>";
		};
		323D06162279D88A00D745C0 /* MainMenu.xib */ = {
			isa = PBXVariantGroup;
			children = (
				323D06172279D88A00D745C0 /* Base */,
			);
			name = MainMenu.xib;
			sourceTree = "<group>";
		};
/* End PBXVariantGroup section */

/* Begin XCBuildConfiguration section */
		3216BD020C354713007FC0F8 /* Development */ = {
			isa = XCBuildConfiguration;
			buildSettings = {
				ALWAYS_SEARCH_USER_PATHS = NO;
				CLANG_ENABLE_OBJC_WEAK = YES;
				CODE_SIGN_IDENTITY = "Mac Developer";
				CODE_SIGN_STYLE = Automatic;
				COMBINE_HIDPI_IMAGES = YES;
				COPY_PHASE_STRIP = NO;
				DEVELOPMENT_TEAM = ZDQTSCKGW9;
				FRAMEWORK_SEARCH_PATHS = "";
				GCC_ALTIVEC_EXTENSIONS = YES;
				GCC_DYNAMIC_NO_PIC = NO;
				GCC_GENERATE_DEBUGGING_SYMBOLS = YES;
				GCC_OPTIMIZATION_LEVEL = 0;
				GCC_PRECOMPILE_PREFIX_HEADER = YES;
				GCC_PREFIX_HEADER = Potentials_Prefix.h;
				GCC_SYMBOLS_PRIVATE_EXTERN = NO;
				GCC_VERSION = "";
				HEADER_SEARCH_PATHS = "";
				INFOPLIST_FILE = Info.plist;
				INSTALL_PATH = "$(HOME)/Applications";
				LIBRARY_SEARCH_PATHS = "";
				ONLY_ACTIVE_ARCH = NO;
				OTHER_CFLAGS = "";
				OTHER_LDFLAGS = "";
				PRODUCT_BUNDLE_IDENTIFIER = com.TheManFromSPUD.Potentials;
				PRODUCT_NAME = Potentials;
				PROVISIONING_PROFILE_SPECIFIER = "";
				SECTORDER_FLAGS = "";
				VALID_ARCHS = x86_64;
				WARNING_CFLAGS = (
					"-Wmost",
					"-Wno-four-char-constants",
					"-Wno-unknown-pragmas",
				);
				WRAPPER_EXTENSION = app;
				ZERO_LINK = YES;
			};
			name = Development;
		};
		3216BD030C354713007FC0F8 /* Deployment */ = {
			isa = XCBuildConfiguration;
			buildSettings = {
				ALWAYS_SEARCH_USER_PATHS = NO;
				CLANG_ENABLE_OBJC_WEAK = YES;
				CODE_SIGN_IDENTITY = "Mac Developer";
				CODE_SIGN_STYLE = Automatic;
				COMBINE_HIDPI_IMAGES = YES;
				COPY_PHASE_STRIP = YES;
				DEVELOPMENT_TEAM = ZDQTSCKGW9;
				FRAMEWORK_SEARCH_PATHS = "";
				GCC_ALTIVEC_EXTENSIONS = YES;
				GCC_PRECOMPILE_PREFIX_HEADER = YES;
				GCC_PREFIX_HEADER = Potentials_Prefix.h;
				GCC_SYMBOLS_PRIVATE_EXTERN = NO;
				GCC_VERSION = "";
				HEADER_SEARCH_PATHS = "";
				INFOPLIST_FILE = Info.plist;
				INSTALL_PATH = "$(HOME)/Applications";
				LIBRARY_SEARCH_PATHS = "";
				ONLY_ACTIVE_ARCH = NO;
				OTHER_CFLAGS = "";
				OTHER_LDFLAGS = "";
				PRODUCT_BUNDLE_IDENTIFIER = com.TheManFromSPUD.Potentials;
				PRODUCT_NAME = Potentials;
				PROVISIONING_PROFILE_SPECIFIER = "";
				SECTORDER_FLAGS = "";
				VALID_ARCHS = x86_64;
				WARNING_CFLAGS = (
					"-Wmost",
					"-Wno-four-char-constants",
					"-Wno-unknown-pragmas",
				);
				WRAPPER_EXTENSION = app;
				ZERO_LINK = NO;
			};
			name = Deployment;
		};
		3216BD040C354713007FC0F8 /* Default */ = {
			isa = XCBuildConfiguration;
			buildSettings = {
				ALWAYS_SEARCH_USER_PATHS = NO;
				CLANG_ENABLE_OBJC_WEAK = YES;
				CODE_SIGN_IDENTITY = "Mac Developer";
				CODE_SIGN_STYLE = Automatic;
				COMBINE_HIDPI_IMAGES = YES;
				DEVELOPMENT_TEAM = ZDQTSCKGW9;
				FRAMEWORK_SEARCH_PATHS = "";
				GCC_ALTIVEC_EXTENSIONS = YES;
				GCC_PRECOMPILE_PREFIX_HEADER = YES;
				GCC_PREFIX_HEADER = Potentials_Prefix.h;
				GCC_SYMBOLS_PRIVATE_EXTERN = NO;
				GCC_VERSION = "";
				HEADER_SEARCH_PATHS = "";
				INFOPLIST_FILE = Info.plist;
				INSTALL_PATH = "$(HOME)/Applications";
				LIBRARY_SEARCH_PATHS = "";
				ONLY_ACTIVE_ARCH = NO;
				OTHER_CFLAGS = "";
				OTHER_LDFLAGS = "";
				PRODUCT_BUNDLE_IDENTIFIER = com.TheManFromSPUD.Potentials;
				PRODUCT_NAME = Potentials;
				PROVISIONING_PROFILE_SPECIFIER = "";
				SECTORDER_FLAGS = "";
				VALID_ARCHS = x86_64;
				WARNING_CFLAGS = (
					"-Wmost",
					"-Wno-four-char-constants",
					"-Wno-unknown-pragmas",
				);
				WRAPPER_EXTENSION = app;
			};
			name = Default;
		};
		3216BD090C354713007FC0F8 /* Development */ = {
			isa = XCBuildConfiguration;
			buildSettings = {
				CLANG_ANALYZER_LOCALIZABILITY_NONLOCALIZED = YES;
				CLANG_WARN_BLOCK_CAPTURE_AUTORELEASING = YES;
				CLANG_WARN_BOOL_CONVERSION = YES;
				CLANG_WARN_COMMA = YES;
				CLANG_WARN_CONSTANT_CONVERSION = YES;
				CLANG_WARN_DEPRECATED_OBJC_IMPLEMENTATIONS = YES;
				CLANG_WARN_EMPTY_BODY = YES;
				CLANG_WARN_ENUM_CONVERSION = YES;
				CLANG_WARN_INFINITE_RECURSION = YES;
				CLANG_WARN_INT_CONVERSION = YES;
				CLANG_WARN_NON_LITERAL_NULL_CONVERSION = YES;
				CLANG_WARN_OBJC_IMPLICIT_RETAIN_SELF = YES;
				CLANG_WARN_OBJC_LITERAL_CONVERSION = YES;
				CLANG_WARN_RANGE_LOOP_ANALYSIS = YES;
				CLANG_WARN_STRICT_PROTOTYPES = YES;
				CLANG_WARN_SUSPICIOUS_MOVE = YES;
				CLANG_WARN_UNREACHABLE_CODE = YES;
				CLANG_WARN__DUPLICATE_METHOD_MATCH = YES;
				ENABLE_STRICT_OBJC_MSGSEND = YES;
				ENABLE_TESTABILITY = YES;
				GCC_ALTIVEC_EXTENSIONS = YES;
				GCC_AUTO_VECTORIZATION = NO;
				GCC_ENABLE_SSE3_EXTENSIONS = YES;
				GCC_MODEL_PPC64 = NO;
				GCC_NO_COMMON_BLOCKS = YES;
				GCC_STRICT_ALIASING = NO;
				GCC_WARN_64_TO_32_BIT_CONVERSION = YES;
				GCC_WARN_ABOUT_RETURN_TYPE = YES;
				GCC_WARN_UNDECLARED_SELECTOR = YES;
				GCC_WARN_UNINITIALIZED_AUTOS = YES;
				GCC_WARN_UNUSED_FUNCTION = YES;
				GCC_WARN_UNUSED_VARIABLE = YES;
				ONLY_ACTIVE_ARCH = YES;
				OTHER_CFLAGS = "";
				WARNING_CFLAGS = "";
			};
			name = Development;
		};
		3216BD0A0C354713007FC0F8 /* Deployment */ = {
			isa = XCBuildConfiguration;
			buildSettings = {
				CLANG_ANALYZER_LOCALIZABILITY_NONLOCALIZED = YES;
				CLANG_WARN_BLOCK_CAPTURE_AUTORELEASING = YES;
				CLANG_WARN_BOOL_CONVERSION = YES;
				CLANG_WARN_COMMA = YES;
				CLANG_WARN_CONSTANT_CONVERSION = YES;
				CLANG_WARN_DEPRECATED_OBJC_IMPLEMENTATIONS = YES;
				CLANG_WARN_EMPTY_BODY = YES;
				CLANG_WARN_ENUM_CONVERSION = YES;
				CLANG_WARN_INFINITE_RECURSION = YES;
				CLANG_WARN_INT_CONVERSION = YES;
				CLANG_WARN_NON_LITERAL_NULL_CONVERSION = YES;
				CLANG_WARN_OBJC_IMPLICIT_RETAIN_SELF = YES;
				CLANG_WARN_OBJC_LITERAL_CONVERSION = YES;
				CLANG_WARN_RANGE_LOOP_ANALYSIS = YES;
				CLANG_WARN_STRICT_PROTOTYPES = YES;
				CLANG_WARN_SUSPICIOUS_MOVE = YES;
				CLANG_WARN_UNREACHABLE_CODE = YES;
				CLANG_WARN__DUPLICATE_METHOD_MATCH = YES;
				ENABLE_STRICT_OBJC_MSGSEND = YES;
				GCC_ALTIVEC_EXTENSIONS = YES;
				GCC_AUTO_VECTORIZATION = NO;
				GCC_ENABLE_SSE3_EXTENSIONS = YES;
				GCC_NO_COMMON_BLOCKS = YES;
				GCC_STRICT_ALIASING = NO;
				GCC_WARN_64_TO_32_BIT_CONVERSION = YES;
				GCC_WARN_ABOUT_RETURN_TYPE = YES;
				GCC_WARN_UNDECLARED_SELECTOR = YES;
				GCC_WARN_UNINITIALIZED_AUTOS = YES;
				GCC_WARN_UNUSED_FUNCTION = YES;
				GCC_WARN_UNUSED_VARIABLE = YES;
				OTHER_CFLAGS = "";
				WARNING_CFLAGS = "";
			};
			name = Deployment;
		};
		3216BD0B0C354713007FC0F8 /* Default */ = {
			isa = XCBuildConfiguration;
			buildSettings = {
				CLANG_ANALYZER_LOCALIZABILITY_NONLOCALIZED = YES;
				CLANG_WARN_BLOCK_CAPTURE_AUTORELEASING = YES;
				CLANG_WARN_BOOL_CONVERSION = YES;
				CLANG_WARN_COMMA = YES;
				CLANG_WARN_CONSTANT_CONVERSION = YES;
				CLANG_WARN_DEPRECATED_OBJC_IMPLEMENTATIONS = YES;
				CLANG_WARN_EMPTY_BODY = YES;
				CLANG_WARN_ENUM_CONVERSION = YES;
				CLANG_WARN_INFINITE_RECURSION = YES;
				CLANG_WARN_INT_CONVERSION = YES;
				CLANG_WARN_NON_LITERAL_NULL_CONVERSION = YES;
				CLANG_WARN_OBJC_IMPLICIT_RETAIN_SELF = YES;
				CLANG_WARN_OBJC_LITERAL_CONVERSION = YES;
				CLANG_WARN_RANGE_LOOP_ANALYSIS = YES;
				CLANG_WARN_STRICT_PROTOTYPES = YES;
				CLANG_WARN_SUSPICIOUS_MOVE = YES;
				CLANG_WARN_UNREACHABLE_CODE = YES;
				CLANG_WARN__DUPLICATE_METHOD_MATCH = YES;
				ENABLE_STRICT_OBJC_MSGSEND = YES;
				GCC_ALTIVEC_EXTENSIONS = YES;
				GCC_AUTO_VECTORIZATION = NO;
				GCC_ENABLE_SSE3_EXTENSIONS = YES;
				GCC_NO_COMMON_BLOCKS = YES;
				GCC_STRICT_ALIASING = NO;
				GCC_WARN_64_TO_32_BIT_CONVERSION = YES;
				GCC_WARN_ABOUT_RETURN_TYPE = YES;
				GCC_WARN_UNDECLARED_SELECTOR = YES;
				GCC_WARN_UNINITIALIZED_AUTOS = YES;
				GCC_WARN_UNUSED_FUNCTION = YES;
				GCC_WARN_UNUSED_VARIABLE = YES;
				OTHER_CFLAGS = "";
				WARNING_CFLAGS = "";
			};
			name = Default;
		};
/* End XCBuildConfiguration section */

/* Begin XCConfigurationList section */
		3216BD010C354713007FC0F8 /* Build configuration list for PBXNativeTarget "Potentials" */ = {
			isa = XCConfigurationList;
			buildConfigurations = (
				3216BD020C354713007FC0F8 /* Development */,
				3216BD030C354713007FC0F8 /* Deployment */,
				3216BD040C354713007FC0F8 /* Default */,
			);
			defaultConfigurationIsVisible = 0;
			defaultConfigurationName = Default;
		};
		3216BD080C354713007FC0F8 /* Build configuration list for PBXProject "Potentials" */ = {
			isa = XCConfigurationList;
			buildConfigurations = (
				3216BD090C354713007FC0F8 /* Development */,
				3216BD0A0C354713007FC0F8 /* Deployment */,
				3216BD0B0C354713007FC0F8 /* Default */,
			);
			defaultConfigurationIsVisible = 0;
			defaultConfigurationName = Default;
		};
/* End XCConfigurationList section */
	};
	rootObject = 29B97313FDCFA39411CA2CEA /* Project object */;
}
